
Microsoft Visual Studio Solution File, Format Version 12.00
# Visual Studio Version 16
VisualStudioVersion = 16.0.31624.102
MinimumVisualStudioVersion = 10.0.40219.1
Project("{8BC9CEB8-8B4A-11D0-8D11-00A0C91BC942}") = "Labka4.1", "Labka4.1.vcxproj", "{1EB1EAFC-5C5A-4B49-970B-4D49F7499A44}"
EndProject
Global
	GlobalSection(SolutionConfigurationPlatforms) = preSolution
		Debug|x64 = Debug|x64
		Debug|x86 = Debug|x86
		Release|x64 = Release|x64
		Release|x86 = Release|x86
	EndGlobalSection
	GlobalSection(ProjectConfigurationPlatforms) = postSolution
		{1EB1EAFC-5C5A-4B49-970B-4D49F7499A44}.Debug|x64.ActiveCfg = Debug|x64
		{1EB1EAFC-5C5A-4B49-970B-4D49F7499A44}.Debug|x64.Build.0 = Debug|x64
		{1EB1EAFC-5C5A-4B49-970B-4D49F7499A44}.Debug|x86.ActiveCfg = Debug|Win32
		{1EB1EAFC-5C5A-4B49-970B-4D49F7499A44}.Debug|x86.Build.0 = Debug|Win32
		{1EB1EAFC-5C5A-4B49-970B-4D49F7499A44}.Release|x64.ActiveCfg = Release|x64
		{1EB1EAFC-5C5A-4B49-970B-4D49F7499A44}.Release|x64.Build.0 = Release|x64
		{1EB1EAFC-5C5A-4B49-970B-4D49F7499A44}.Release|x86.ActiveCfg = Release|Win32
		{1EB1EAFC-5C5A-4B49-970B-4D49F7499A44}.Release|x86.Build.0 = Release|Win32
	EndGlobalSection
	GlobalSection(SolutionProperties) = preSolution
		HideSolutionNode = FALSE
	EndGlobalSection
	GlobalSection(ExtensibilityGlobals) = postSolution
		SolutionGuid = {BADA4051-D3D2-4350-B54E-ABDEC5104364}
	EndGlobalSection
EndGlobal
